
Microsoft Visual Studio Solution File, Format Version 12.00
# Visual Studio Version 16
VisualStudioVersion = 16.0.29728.190
MinimumVisualStudioVersion = 10.0.40219.1
Project("{FAE04EC0-301F-11D3-BF4B-00C04F79EFBC}") = "Creational_Pattern", "Creational_Pattern.csproj", "{B66C0638-77BA-4782-886D-7829B1BFE9CB}"
EndProject
Global
	GlobalSection(SolutionConfigurationPlatforms) = preSolution
		Debug|Any CPU = Debug|Any CPU
		Release|Any CPU = Release|Any CPU
	EndGlobalSection
	GlobalSection(ProjectConfigurationPlatforms) = postSolution
		{B66C0638-77BA-4782-886D-7829B1BFE9CB}.Debug|Any CPU.ActiveCfg = Debug|Any CPU
		{B66C0638-77BA-4782-886D-7829B1BFE9CB}.Debug|Any CPU.Build.0 = Debug|Any CPU
		{B66C0638-77BA-4782-886D-7829B1BFE9CB}.Release|Any CPU.ActiveCfg = Release|Any CPU
		{B66C0638-77BA-4782-886D-7829B1BFE9CB}.Release|Any CPU.Build.0 = Release|Any CPU
	EndGlobalSection
	GlobalSection(SolutionProperties) = preSolution
		HideSolutionNode = FALSE
	EndGlobalSection
	GlobalSection(ExtensibilityGlobals) = postSolution
		SolutionGuid = {5C0A7E67-B85C-4B93-9B08-60982CD85999}
	EndGlobalSection
EndGlobal
